
Microsoft Visual Studio Solution File, Format Version 12.00
# Visual Studio Version 17
VisualStudioVersion = 17.7.34031.279
MinimumVisualStudioVersion = 10.0.40219.1
Project("{9A19103F-16F7-4668-BE54-9A1E7A4F7556}") = "UnitTestingDemo", "UnitTestingDemo\UnitTestingDemo.csproj", "{B1E38047-08B6-424E-8B9A-5CBDA379D7D1}"
EndProject
Project("{9A19103F-16F7-4668-BE54-9A1E7A4F7556}") = "EmployeeRepositoryTest", "EmployeeReositoryTest\EmployeeRepositoryTest.csproj", "{672A7EDA-D3DB-4B35-9786-B286E651265B}"
EndProject
Global
	GlobalSection(SolutionConfigurationPlatforms) = preSolution
		Debug|Any CPU = Debug|Any CPU
		Release|Any CPU = Release|Any CPU
	EndGlobalSection
	GlobalSection(ProjectConfigurationPlatforms) = postSolution
		{B1E38047-08B6-424E-8B9A-5CBDA379D7D1}.Debug|Any CPU.ActiveCfg = Debug|Any CPU
		{B1E38047-08B6-424E-8B9A-5CBDA379D7D1}.Debug|Any CPU.Build.0 = Debug|Any CPU
		{B1E38047-08B6-424E-8B9A-5CBDA379D7D1}.Release|Any CPU.ActiveCfg = Release|Any CPU
		{B1E38047-08B6-424E-8B9A-5CBDA379D7D1}.Release|Any CPU.Build.0 = Release|Any CPU
		{672A7EDA-D3DB-4B35-9786-B286E651265B}.Debug|Any CPU.ActiveCfg = Debug|Any CPU
		{672A7EDA-D3DB-4B35-9786-B286E651265B}.Debug|Any CPU.Build.0 = Debug|Any CPU
		{672A7EDA-D3DB-4B35-9786-B286E651265B}.Release|Any CPU.ActiveCfg = Release|Any CPU
		{672A7EDA-D3DB-4B35-9786-B286E651265B}.Release|Any CPU.Build.0 = Release|Any CPU
	EndGlobalSection
	GlobalSection(SolutionProperties) = preSolution
		HideSolutionNode = FALSE
	EndGlobalSection
	GlobalSection(ExtensibilityGlobals) = postSolution
		SolutionGuid = {19BDBB3E-2141-4280-A149-EBA21008404D}
	EndGlobalSection
EndGlobal
